{
  "version": 2,
  "project": {
    "version": "1.0.0",
    "restore": {
      "projectUniqueName": "E:\\Project\\EvolutionIslandServer\\EvolutionislandGameServer.csproj",
      "projectName": "EvolutionislandGameServer",
      "projectPath": "E:\\Project\\EvolutionIslandServer\\EvolutionislandGameServer.csproj",
      "outputPath": "E:\\Project\\EvolutionIslandServer\\obj\\",
      "projectStyle": "PackageReference",
      "originalTargetFrameworks": [
        "netcoreapp1.1"
      ],
      "frameworks": {
        "netcoreapp1.1": {
          "projectReferences": {}
        }
      }
    },
    "frameworks": {
      "netcoreapp1.1": {
        "dependencies": {
          "Microsoft.NETCore.App": {
            "target": "Package",
            "version": "1.1.2",
            "autoReferenced": true
          }
        }
      }
    }
  }
}